
Microsoft Visual Studio Solution File, Format Version 12.00
# Visual Studio Version 16
VisualStudioVersion = 16.0.30011.22
MinimumVisualStudioVersion = 10.0.40219.1
Project("{FAE04EC0-301F-11D3-BF4B-00C04F79EFBC}") = "SmartSchool.API", "SmartSchool.API\SmartSchool.API.csproj", "{34A86D6C-0DCC-4437-81CF-2C609749B59B}"
EndProject
Global
	GlobalSection(SolutionConfigurationPlatforms) = preSolution
		Debug|Any CPU = Debug|Any CPU
		Release|Any CPU = Release|Any CPU
	EndGlobalSection
	GlobalSection(ProjectConfigurationPlatforms) = postSolution
		{34A86D6C-0DCC-4437-81CF-2C609749B59B}.Debug|Any CPU.ActiveCfg = Debug|Any CPU
		{34A86D6C-0DCC-4437-81CF-2C609749B59B}.Debug|Any CPU.Build.0 = Debug|Any CPU
		{34A86D6C-0DCC-4437-81CF-2C609749B59B}.Release|Any CPU.ActiveCfg = Release|Any CPU
		{34A86D6C-0DCC-4437-81CF-2C609749B59B}.Release|Any CPU.Build.0 = Release|Any CPU
	EndGlobalSection
	GlobalSection(SolutionProperties) = preSolution
		HideSolutionNode = FALSE
	EndGlobalSection
	GlobalSection(ExtensibilityGlobals) = postSolution
		SolutionGuid = {CF9257A8-960D-4EAA-80D0-F833FF063233}
	EndGlobalSection
EndGlobal
